<?xml version="1.0" encoding="utf-8"?>
<Project ToolsVersion="4.0" xmlns="http://schemas.microsoft.com/developer/msbuild/2003">
  <ItemGroup>
    <Filter Include="System Controller Comm">
      <UniqueIdentifier>{69f05d81-b77d-4efe-b17f-66e12b04e364}</UniqueIdentifier>
    </Filter>
    <Filter Include="System Controller Comm\src">
      <UniqueIdentifier>{d5cdccd1-6307-4e94-bd72-723a5bac289e}</UniqueIdentifier>
      <Extensions>.cpp</Extensions>
    </Filter>
    <Filter Include="System Controller Comm\inc">
      <UniqueIdentifier>{f3d34a6e-aa08-4420-b226-8367972b6f05}</UniqueIdentifier>
      <Extensions>.h</Extensions>
    </Filter>
    <Filter Include="Process Comm">
      <UniqueIdentifier>{cf05de41-6dd9-4d0f-ac07-dc795f260015}</UniqueIdentifier>
    </Filter>
    <Filter Include="Process Comm\src No. 2">
      <UniqueIdentifier>{aba79987-05a2-405d-9de2-e6e38cc60c89}</UniqueIdentifier>
      <Extensions>cpp</Extensions>
    </Filter>
    <Filter Include="Process Comm\inc No. 2">
      <UniqueIdentifier>{45b41350-5755-4870-a725-247096967519}</UniqueIdentifier>
      <Extensions>h</Extensions>
    </Filter>
    <Filter Include="System Manager Comm">
      <UniqueIdentifier>{276d516a-5de2-4c27-83a7-7fbf09ceba8b}</UniqueIdentifier>
    </Filter>
    <Filter Include="src No. 1">
      <UniqueIdentifier>{0b96b79c-1446-4ba4-9cc3-0795928395ff}</UniqueIdentifier>
    </Filter>
  </ItemGroup>
  <ItemGroup>
    <ClCompile Include="src\GroupMonitor.cpp">
      <Filter>System Controller Comm\src</Filter>
    </ClCompile>
    <ClCompile Include="src\PeerSCInfo.cpp">
      <Filter>System Controller Comm\src</Filter>
    </ClCompile>
    <ClCompile Include="src\PeersMonitor.cpp">
      <Filter>System Controller Comm\src</Filter>
    </ClCompile>
    <ClCompile Include="src\SystemControllerMonitor.cpp">
      <Filter>System Controller Comm\src</Filter>
    </ClCompile>
    <ClCompile Include="src\ManagedProcessInfo.cpp">
      <Filter>Process Comm\src No. 2</Filter>
    </ClCompile>
    <ClCompile Include="src\PeerProcessManager.cpp">
      <Filter>Process Comm\src No. 2</Filter>
    </ClCompile>
    <ClCompile Include="src\ProcessInfo.cpp">
      <Filter>Process Comm\src No. 2</Filter>
    </ClCompile>
    <ClCompile Include="src\ProcessManager.cpp">
      <Filter>Process Comm\src No. 2</Filter>
    </ClCompile>
    <ClCompile Include="src\ProcessUtilities.cpp">
      <Filter>Process Comm\src No. 2</Filter>
    </ClCompile>
    <ClCompile Include="src\SignalEventHandler.cpp">
      <Filter>Process Comm\src No. 2</Filter>
    </ClCompile>
    <ClCompile Include="src\ShutdownExecutor.cpp">
      <Filter>System Manager Comm</Filter>
    </ClCompile>
    <ClCompile Include="src\SystemControllerAdmin.cpp">
      <Filter>System Manager Comm</Filter>
    </ClCompile>
    <ClCompile Include="src\main.cpp">
      <Filter>src No. 1</Filter>
    </ClCompile>
    <ClCompile Include="src\SystemController.cpp">
      <Filter>src No. 1</Filter>
    </ClCompile>
    <ClCompile Include="..\..\..\core\exceptions\src\SystemControllerException.cpp">
      <Filter>src No. 1</Filter>
    </ClCompile>
    <ClCompile Include="src\VersionGen.cpp">
      <Filter>src No. 1</Filter>
    </ClCompile>
    <ClCompile Include="src\WindowsService.cpp">
      <Filter>src No. 1</Filter>
    </ClCompile>
  </ItemGroup>
  <ItemGroup>
    <ClInclude Include="src\GroupMonitor.h">
      <Filter>System Controller Comm\inc</Filter>
    </ClInclude>
    <ClInclude Include="src\PeerSCInfo.h">
      <Filter>System Controller Comm\inc</Filter>
    </ClInclude>
    <ClInclude Include="src\PeersMonitor.h">
      <Filter>System Controller Comm\inc</Filter>
    </ClInclude>
    <ClInclude Include="src\SystemControllerMonitor.h">
      <Filter>System Controller Comm\inc</Filter>
    </ClInclude>
    <ClInclude Include="src\ManagedProcessInfo.h">
      <Filter>Process Comm\inc No. 2</Filter>
    </ClInclude>
    <ClInclude Include="src\PeerProcessManager.h">
      <Filter>Process Comm\inc No. 2</Filter>
    </ClInclude>
    <ClInclude Include="src\ProcessInfo.h">
      <Filter>Process Comm\inc No. 2</Filter>
    </ClInclude>
    <ClInclude Include="src\ProcessManager.h">
      <Filter>Process Comm\inc No. 2</Filter>
    </ClInclude>
    <ClInclude Include="src\ProcessUtilities.h">
      <Filter>Process Comm\inc No. 2</Filter>
    </ClInclude>
    <ClInclude Include="src\SignalEventHandler.h">
      <Filter>Process Comm\inc No. 2</Filter>
    </ClInclude>
    <ClInclude Include="src\ShutdownExecutor.h">
      <Filter>System Manager Comm</Filter>
    </ClInclude>
    <ClInclude Include="src\SystemControllerAdmin.h">
      <Filter>System Manager Comm</Filter>
    </ClInclude>
    <ClInclude Include="src\SystemController.h">
      <Filter>src No. 1</Filter>
    </ClInclude>
    <ClInclude Include="..\..\..\core\exceptions\src\SystemControllerException.h">
      <Filter>src No. 1</Filter>
    </ClInclude>
    <ClInclude Include="src\WindowsService.h">
      <Filter>src No. 1</Filter>
    </ClInclude>
  </ItemGroup>
</Project>