<?xml version="1.0" encoding="utf-8"?>
<Project ToolsVersion="4.0" xmlns="http://schemas.microsoft.com/developer/msbuild/2003">
  <ItemGroup>
    <Filter Include="IDL">
      <UniqueIdentifier>{46192815-b752-4e18-a21e-d8a6f01e9721}</UniqueIdentifier>
      <Extensions>idl</Extensions>
    </Filter>
  </ItemGroup>
  <ItemGroup>
    <CustomBuild Include="src\IRadioCorbaDef.idl">
      <Filter>IDL</Filter>
    </CustomBuild>
    <CustomBuild Include="src\IRadioDirectoryCorbaDef.idl">
      <Filter>IDL</Filter>
    </CustomBuild>
    <CustomBuild Include="src\IRadioSessionCorbaDef.idl">
      <Filter>IDL</Filter>
    </CustomBuild>
    <CustomBuild Include="src\IRadioStateSynchronisationCorbaDef.idl">
      <Filter>IDL</Filter>
    </CustomBuild>
  </ItemGroup>
</Project>