<?xml version="1.0" encoding="utf-8"?>
<Project ToolsVersion="4.0" xmlns="http://schemas.microsoft.com/developer/msbuild/2003">
  <ItemGroup>
    <Filter Include="src">
      <UniqueIdentifier>{a65c2c04-54a9-41a1-989a-283c5b81c05f}</UniqueIdentifier>
      <Extensions>*.h *.cpp</Extensions>
    </Filter>
    <Filter Include="Form Files">
      <UniqueIdentifier>{99349809-55BA-4b9d-BF79-8FDBB0286EB3}</UniqueIdentifier>
      <Extensions>ui</Extensions>
      <ParseFiles>true</ParseFiles>
    </Filter>
    <Filter Include="Generated Files">
      <UniqueIdentifier>{71ED8ED8-ACB9-4CE9-BBE1-E00B30144E11}</UniqueIdentifier>
      <Extensions>moc;h;cpp</Extensions>
      <ParseFiles>true</ParseFiles>
    </Filter>
    <Filter Include="Generated Files\Debug">
      <UniqueIdentifier>{29cbc1ab-67a7-4f99-80fa-aeff75b069eb}</UniqueIdentifier>
      <Extensions>cpp;moc</Extensions>
      <SourceControlFiles>False</SourceControlFiles>
    </Filter>
    <Filter Include="Generated Files\Release">
      <UniqueIdentifier>{1d3522a1-e80f-42c9-9074-544e14995154}</UniqueIdentifier>
      <Extensions>cpp;moc</Extensions>
      <SourceControlFiles>False</SourceControlFiles>
    </Filter>
    <Filter Include="resource">
      <UniqueIdentifier>{09d57325-c67a-4787-bb68-869dcf0c1b96}</UniqueIdentifier>
    </Filter>
  </ItemGroup>
  <ItemGroup>
    <ClCompile Include="src\AlarmsGuiDlg.cpp">
      <Filter>src</Filter>
    </ClCompile>
    <ClCompile Include="src\TA_IscsBannerPage.cpp">
      <Filter>src</Filter>
    </ClCompile>
    <ClCompile Include="GeneratedFiles\Debug\moc_AlarmsGuiDlg.cpp">
      <Filter>Generated Files\Debug</Filter>
    </ClCompile>
    <ClCompile Include="GeneratedFiles\Release\moc_AlarmsGuiDlg.cpp">
      <Filter>Generated Files\Release</Filter>
    </ClCompile>
    <ClCompile Include="GeneratedFiles\qrc_resource.cpp">
      <Filter>Generated Files</Filter>
    </ClCompile>
  </ItemGroup>
  <ItemGroup>
    <ResourceCompile Include="src\IscsBannerPage.rc">
      <Filter>src</Filter>
    </ResourceCompile>
  </ItemGroup>
  <ItemGroup>
    <CustomBuild Include="src\AlarmsGuiDlg.h">
      <Filter>src</Filter>
    </CustomBuild>
    <CustomBuild Include="src\globals.h">
      <Filter>src</Filter>
    </CustomBuild>
    <CustomBuild Include="src\IscsBannerPage_rc.h">
      <Filter>src</Filter>
    </CustomBuild>
    <CustomBuild Include="iscsalarmsguidlg.ui">
      <Filter>Form Files</Filter>
    </CustomBuild>
    <CustomBuild Include="resource.qrc">
      <Filter>resource</Filter>
    </CustomBuild>
  </ItemGroup>
  <ItemGroup>
    <ClInclude Include="GeneratedFiles\ui_iscsalarmsguidlg.h">
      <Filter>Generated Files</Filter>
    </ClInclude>
  </ItemGroup>
</Project>