<?xml version="1.0" encoding="utf-8"?>
<Project ToolsVersion="4.0" xmlns="http://schemas.microsoft.com/developer/msbuild/2003">
  <ItemGroup>
    <Filter Include="src">
      <UniqueIdentifier>{9710929b-ac49-444a-8541-31f742e3cc0e}</UniqueIdentifier>
      <Extensions>cpp;c;cxx;rc;def;r;odl;idl;hpj;bat;inl</Extensions>
    </Filter>
    <Filter Include="Form Files">
      <UniqueIdentifier>{99349809-55BA-4b9d-BF79-8FDBB0286EB3}</UniqueIdentifier>
      <Extensions>ui</Extensions>
      <ParseFiles>true</ParseFiles>
    </Filter>
    <Filter Include="Generated Files">
      <UniqueIdentifier>{71ED8ED8-ACB9-4CE9-BBE1-E00B30144E11}</UniqueIdentifier>
      <Extensions>moc;h;cpp</Extensions>
      <ParseFiles>true</ParseFiles>
    </Filter>
    <Filter Include="Generated Files\Debug">
      <UniqueIdentifier>{1924c004-c55c-4276-8cfe-f54dd559824f}</UniqueIdentifier>
      <Extensions>cpp;moc</Extensions>
      <SourceControlFiles>False</SourceControlFiles>
    </Filter>
    <Filter Include="Generated Files\Release">
      <UniqueIdentifier>{ff1f44c9-4b7f-4c25-847a-803e12b3f58d}</UniqueIdentifier>
      <Extensions>cpp;moc</Extensions>
      <SourceControlFiles>False</SourceControlFiles>
    </Filter>
    <Filter Include="Resource Files">
      <UniqueIdentifier>{D9D6E242-F8AF-46E4-B9FD-80ECBC20BA3E}</UniqueIdentifier>
      <Extensions>qrc;*</Extensions>
      <ParseFiles>false</ParseFiles>
    </Filter>
  </ItemGroup>
  <ItemGroup>
    <ClCompile Include="src\banner.cpp">
      <Filter>src</Filter>
    </ClCompile>
    <ClCompile Include="src\ComponentLibraryAccessor.cpp">
      <Filter>src</Filter>
    </ClCompile>
    <ClCompile Include="src\VersionGen.cpp">
      <Filter>src</Filter>
    </ClCompile>
    <ClCompile Include="src\bannerdlg.cpp">
      <Filter>src</Filter>
    </ClCompile>
    <ClCompile Include="GeneratedFiles\Debug\moc_bannerdlg.cpp">
      <Filter>Generated Files\Debug</Filter>
    </ClCompile>
    <ClCompile Include="GeneratedFiles\Release\moc_bannerdlg.cpp">
      <Filter>Generated Files\Release</Filter>
    </ClCompile>
    <ClCompile Include="src\main.cpp">
      <Filter>src</Filter>
    </ClCompile>
    <ClCompile Include="src\BannerViewFactory.cpp">
      <Filter>src</Filter>
    </ClCompile>
    <ClCompile Include="src\IscsBanner.cpp">
      <Filter>src</Filter>
    </ClCompile>
    <ClCompile Include="src\ATSCOMHandler.cpp">
      <Filter>src</Filter>
    </ClCompile>
    <ClCompile Include="GeneratedFiles\qrc_TransActiveResources.cpp">
      <Filter>Generated Files</Filter>
    </ClCompile>
  </ItemGroup>
  <ItemGroup>
    <Midl Include="src\banner.idl">
      <Filter>src</Filter>
    </Midl>
  </ItemGroup>
  <ItemGroup>
    <ResourceCompile Include="src\banner.rc">
      <Filter>src</Filter>
    </ResourceCompile>
  </ItemGroup>
  <ItemGroup>
    <CustomBuild Include="res\banner.ico" />
    <CustomBuild Include="src\banner.h">
      <Filter>src</Filter>
    </CustomBuild>
    <CustomBuild Include="src\Component.h">
      <Filter>src</Filter>
    </CustomBuild>
    <CustomBuild Include="src\ComponentLibraryAccessor.h">
      <Filter>src</Filter>
    </CustomBuild>
    <CustomBuild Include="src\resource.h">
      <Filter>src</Filter>
    </CustomBuild>
    <CustomBuild Include="src\bannerdlg.ui">
      <Filter>Form Files</Filter>
    </CustomBuild>
    <CustomBuild Include="src\bannerdlg.h">
      <Filter>src</Filter>
    </CustomBuild>
    <CustomBuild Include="..\..\..\bus\resources\TransActiveResources.qrc">
      <Filter>src</Filter>
    </CustomBuild>
  </ItemGroup>
  <ItemGroup>
    <ClInclude Include="src\CommonDef.h">
      <Filter>src</Filter>
    </ClInclude>
    <ClInclude Include="GeneratedFiles\ui_bannerdlg.h">
      <Filter>Generated Files\Debug</Filter>
    </ClInclude>
    <ClInclude Include="src\BannerViewFactory.h">
      <Filter>src</Filter>
    </ClInclude>
    <ClInclude Include="src\IscsBanner.h">
      <Filter>src</Filter>
    </ClInclude>
    <ClInclude Include="src\ATSCOMHandler.h">
      <Filter>src</Filter>
    </ClInclude>
  </ItemGroup>
  <ItemGroup>
    <Image Include="..\..\..\bus\resources\icons\AlarmManager.ico">
      <Filter>Resource Files</Filter>
    </Image>
    <Image Include="..\..\..\bus\resources\icons\ArchiveManager.ico">
      <Filter>Resource Files</Filter>
    </Image>
    <Image Include="..\..\..\bus\resources\icons\BannerPrint.ico">
      <Filter>Resource Files</Filter>
    </Image>
    <Image Include="..\..\..\bus\resources\icons\camera.ico">
      <Filter>Resource Files</Filter>
    </Image>
    <Image Include="..\..\..\bus\resources\icons\ConfigurationEditor.ico">
      <Filter>Resource Files</Filter>
    </Image>
    <Image Include="..\..\..\bus\resources\icons\ControlStation.ico">
      <Filter>Resource Files</Filter>
    </Image>
    <Image Include="..\..\..\bus\resources\icons\display-blue.ico">
      <Filter>Resource Files</Filter>
    </Image>
    <Image Include="..\..\..\bus\resources\icons\DisplayManager.ico">
      <Filter>Resource Files</Filter>
    </Image>
    <Image Include="..\..\..\bus\resources\icons\DutyManager.ico">
      <Filter>Resource Files</Filter>
    </Image>
    <Image Include="..\..\..\bus\resources\icons\equipcontroller-blue.ico">
      <Filter>Resource Files</Filter>
    </Image>
    <Image Include="..\..\..\bus\resources\icons\EquipmentController.ico">
      <Filter>Resource Files</Filter>
    </Image>
    <Image Include="..\..\..\bus\resources\icons\EventViewer.ico">
      <Filter>Resource Files</Filter>
    </Image>
    <Image Include="..\..\..\bus\resources\icons\incident.ico">
      <Filter>Resource Files</Filter>
    </Image>
    <Image Include="..\..\..\bus\resources\icons\MapViewer.ico">
      <Filter>Resource Files</Filter>
    </Image>
    <Image Include="..\..\..\bus\resources\icons\PlanManager.ico">
      <Filter>Resource Files</Filter>
    </Image>
    <Image Include="..\..\..\bus\resources\icons\pubaddress-blue.ico">
      <Filter>Resource Files</Filter>
    </Image>
    <Image Include="..\..\..\bus\resources\icons\PublicAddress.ico">
      <Filter>Resource Files</Filter>
    </Image>
    <Image Include="..\..\..\bus\resources\icons\radio-blue.ico">
      <Filter>Resource Files</Filter>
    </Image>
    <Image Include="..\..\..\bus\resources\icons\RadioManager.ico">
      <Filter>Resource Files</Filter>
    </Image>
    <Image Include="..\..\..\bus\resources\icons\RadioMonitor.ico">
      <Filter>Resource Files</Filter>
    </Image>
    <Image Include="..\..\..\bus\resources\icons\region-manager.ico">
      <Filter>Resource Files</Filter>
    </Image>
    <Image Include="..\..\..\bus\resources\icons\ReportManager.ico">
      <Filter>Resource Files</Filter>
    </Image>
    <Image Include="..\..\..\bus\resources\icons\scheduler.ico">
      <Filter>Resource Files</Filter>
    </Image>
    <Image Include="..\..\..\bus\resources\icons\SchedulingManager.ico">
      <Filter>Resource Files</Filter>
    </Image>
    <Image Include="..\..\..\bus\resources\icons\signs-blue.ico">
      <Filter>Resource Files</Filter>
    </Image>
    <Image Include="..\..\..\bus\resources\icons\SignViewer.ico">
      <Filter>Resource Files</Filter>
    </Image>
    <Image Include="..\..\..\bus\resources\icons\silence.ico">
      <Filter>Resource Files</Filter>
    </Image>
    <Image Include="..\..\..\bus\resources\icons\SMS-blue.ico">
      <Filter>Resource Files</Filter>
    </Image>
    <Image Include="..\..\..\bus\resources\icons\SystemManager.ico">
      <Filter>Resource Files</Filter>
    </Image>
    <Image Include="..\..\..\bus\resources\icons\telephone-blue.ico">
      <Filter>Resource Files</Filter>
    </Image>
    <Image Include="..\..\..\bus\resources\icons\TelephoneManager.ico">
      <Filter>Resource Files</Filter>
    </Image>
    <Image Include="..\..\..\bus\resources\icons\TransActiveHelp.ico">
      <Filter>Resource Files</Filter>
    </Image>
    <Image Include="..\..\..\bus\resources\icons\TrendViewer.ico">
      <Filter>Resource Files</Filter>
    </Image>
    <Image Include="..\..\..\bus\resources\icons\unsilence.ico">
      <Filter>Resource Files</Filter>
    </Image>
    <Image Include="..\..\..\bus\resources\bitmaps\alarm_comment.bmp">
      <Filter>Resource Files</Filter>
    </Image>
    <Image Include="..\..\..\bus\resources\bitmaps\ats.bmp">
      <Filter>Resource Files</Filter>
    </Image>
    <Image Include="..\..\..\bus\resources\bitmaps\atsd.bmp">
      <Filter>Resource Files</Filter>
    </Image>
    <Image Include="..\..\..\bus\resources\bitmaps\atsdg.bmp">
      <Filter>Resource Files</Filter>
    </Image>
    <Image Include="..\..\..\bus\resources\bitmaps\atsg.bmp">
      <Filter>Resource Files</Filter>
    </Image>
    <Image Include="..\..\..\bus\resources\bitmaps\call.bmp">
      <Filter>Resource Files</Filter>
    </Image>
    <Image Include="..\..\..\bus\resources\bitmaps\calld.bmp">
      <Filter>Resource Files</Filter>
    </Image>
    <Image Include="..\..\..\bus\resources\bitmaps\calldg.bmp">
      <Filter>Resource Files</Filter>
    </Image>
    <Image Include="..\..\..\bus\resources\bitmaps\callg.bmp">
      <Filter>Resource Files</Filter>
    </Image>
    <Image Include="..\..\..\bus\resources\bitmaps\iscs.bmp">
      <Filter>Resource Files</Filter>
    </Image>
    <Image Include="..\..\..\bus\resources\bitmaps\iscsd.bmp">
      <Filter>Resource Files</Filter>
    </Image>
    <Image Include="..\..\..\bus\resources\bitmaps\iscsdg.bmp">
      <Filter>Resource Files</Filter>
    </Image>
    <Image Include="..\..\..\bus\resources\bitmaps\iscsdgkrtc.bmp">
      <Filter>Resource Files</Filter>
    </Image>
    <Image Include="..\..\..\bus\resources\bitmaps\iscsdkrtc.bmp">
      <Filter>Resource Files</Filter>
    </Image>
    <Image Include="..\..\..\bus\resources\bitmaps\iscsg.bmp">
      <Filter>Resource Files</Filter>
    </Image>
    <Image Include="..\..\..\bus\resources\bitmaps\iscsgkrtc.bmp">
      <Filter>Resource Files</Filter>
    </Image>
    <Image Include="..\..\..\bus\resources\bitmaps\iscskrtc.bmp">
      <Filter>Resource Files</Filter>
    </Image>
    <Image Include="..\..\..\bus\resources\bitmaps\plan.bmp">
      <Filter>Resource Files</Filter>
    </Image>
    <Image Include="..\..\..\bus\resources\bitmaps\pland.bmp">
      <Filter>Resource Files</Filter>
    </Image>
    <Image Include="..\..\..\bus\resources\bitmaps\plandg.bmp">
      <Filter>Resource Files</Filter>
    </Image>
    <Image Include="..\..\..\bus\resources\bitmaps\plang.bmp">
      <Filter>Resource Files</Filter>
    </Image>
    <Image Include="..\..\..\bus\resources\bitmaps\sort_ascending.bmp">
      <Filter>Resource Files</Filter>
    </Image>
    <Image Include="..\..\..\bus\resources\bitmaps\sort_descending.bmp">
      <Filter>Resource Files</Filter>
    </Image>
    <Image Include="..\..\..\bus\resources\bitmaps\TransActive_Logo_RGB.bmp">
      <Filter>Resource Files</Filter>
    </Image>
    <Image Include="..\..\..\bus\resources\icons\ConfigurationEditor\config agent.ico">
      <Filter>Resource Files</Filter>
    </Image>
    <Image Include="..\..\..\bus\resources\icons\ConfigurationEditor\config alarm combo.ico">
      <Filter>Resource Files</Filter>
    </Image>
    <Image Include="..\..\..\bus\resources\icons\ConfigurationEditor\config alarm plans.ico">
      <Filter>Resource Files</Filter>
    </Image>
    <Image Include="..\..\..\bus\resources\icons\ConfigurationEditor\config alarm rules.ico">
      <Filter>Resource Files</Filter>
    </Image>
    <Image Include="..\..\..\bus\resources\icons\ConfigurationEditor\config alarm severity.ico">
      <Filter>Resource Files</Filter>
    </Image>
    <Image Include="..\..\..\bus\resources\icons\ConfigurationEditor\config alarm type.ico">
      <Filter>Resource Files</Filter>
    </Image>
    <Image Include="..\..\..\bus\resources\icons\ConfigurationEditor\config application.ico">
      <Filter>Resource Files</Filter>
    </Image>
    <Image Include="..\..\..\bus\resources\icons\ConfigurationEditor\config ats.ico">
      <Filter>Resource Files</Filter>
    </Image>
    <Image Include="..\..\..\bus\resources\icons\ConfigurationEditor\config central profile.ico">
      <Filter>Resource Files</Filter>
    </Image>
    <Image Include="..\..\..\bus\resources\icons\ConfigurationEditor\config datapoint.ico">
      <Filter>Resource Files</Filter>
    </Image>
    <Image Include="..\..\..\bus\resources\icons\ConfigurationEditor\config duties.ico">
      <Filter>Resource Files</Filter>
    </Image>
    <Image Include="..\..\..\bus\resources\icons\ConfigurationEditor\config ecs master modes.ico">
      <Filter>Resource Files</Filter>
    </Image>
    <Image Include="..\..\..\bus\resources\icons\ConfigurationEditor\config ecs station modes.ico">
      <Filter>Resource Files</Filter>
    </Image>
    <Image Include="..\..\..\bus\resources\icons\ConfigurationEditor\config ecs zones.ico">
      <Filter>Resource Files</Filter>
    </Image>
    <Image Include="..\..\..\bus\resources\icons\ConfigurationEditor\config entity.ico">
      <Filter>Resource Files</Filter>
    </Image>
    <Image Include="..\..\..\bus\resources\icons\ConfigurationEditor\config event plans.ico">
      <Filter>Resource Files</Filter>
    </Image>
    <Image Include="..\..\..\bus\resources\icons\ConfigurationEditor\config interlocking.ico">
      <Filter>Resource Files</Filter>
    </Image>
    <Image Include="..\..\..\bus\resources\icons\ConfigurationEditor\config local profile.ico">
      <Filter>Resource Files</Filter>
    </Image>
    <Image Include="..\..\..\bus\resources\icons\ConfigurationEditor\config location.ico">
      <Filter>Resource Files</Filter>
    </Image>
    <Image Include="..\..\..\bus\resources\icons\ConfigurationEditor\config message type.ico">
      <Filter>Resource Files</Filter>
    </Image>
    <Image Include="..\..\..\bus\resources\icons\ConfigurationEditor\config mms scheduling.ico">
      <Filter>Resource Files</Filter>
    </Image>
    <Image Include="..\..\..\bus\resources\icons\ConfigurationEditor\config online printer.ico">
      <Filter>Resource Files</Filter>
    </Image>
    <Image Include="..\..\..\bus\resources\icons\ConfigurationEditor\config operator.ico">
      <Filter>Resource Files</Filter>
    </Image>
    <Image Include="..\..\..\bus\resources\icons\ConfigurationEditor\config pa ats triggered broadcasts.ico">
      <Filter>Resource Files</Filter>
    </Image>
    <Image Include="..\..\..\bus\resources\icons\ConfigurationEditor\config pa station dva messages.ico">
      <Filter>Resource Files</Filter>
    </Image>
    <Image Include="..\..\..\bus\resources\icons\ConfigurationEditor\config pa stations.ico">
      <Filter>Resource Files</Filter>
    </Image>
    <Image Include="..\..\..\bus\resources\icons\ConfigurationEditor\config pa train dva messages.ico">
      <Filter>Resource Files</Filter>
    </Image>
    <Image Include="..\..\..\bus\resources\icons\ConfigurationEditor\config pa zone groups.ico">
      <Filter>Resource Files</Filter>
    </Image>
    <Image Include="..\..\..\bus\resources\icons\ConfigurationEditor\config pa zones.ico">
      <Filter>Resource Files</Filter>
    </Image>
    <Image Include="..\..\..\bus\resources\icons\ConfigurationEditor\config profile.ico">
      <Filter>Resource Files</Filter>
    </Image>
    <Image Include="..\..\..\bus\resources\icons\ConfigurationEditor\config rights.ico">
      <Filter>Resource Files</Filter>
    </Image>
    <Image Include="..\..\..\bus\resources\icons\ConfigurationEditor\config scada display.ico">
      <Filter>Resource Files</Filter>
    </Image>
    <Image Include="..\..\..\bus\resources\icons\ConfigurationEditor\config server.ico">
      <Filter>Resource Files</Filter>
    </Image>
    <Image Include="..\..\..\bus\resources\icons\ConfigurationEditor\config si element location.ico">
      <Filter>Resource Files</Filter>
    </Image>
    <Image Include="..\..\..\bus\resources\icons\ConfigurationEditor\config si region talkgroup.ico">
      <Filter>Resource Files</Filter>
    </Image>
    <Image Include="..\..\..\bus\resources\icons\ConfigurationEditor\config si train.ico">
      <Filter>Resource Files</Filter>
    </Image>
    <Image Include="..\..\..\bus\resources\icons\ConfigurationEditor\config sound file.ico">
      <Filter>Resource Files</Filter>
    </Image>
    <Image Include="..\..\..\bus\resources\icons\ConfigurationEditor\config subsystem.ico">
      <Filter>Resource Files</Filter>
    </Image>
    <Image Include="..\..\..\bus\resources\icons\ConfigurationEditor\config system controller group.ico">
      <Filter>Resource Files</Filter>
    </Image>
    <Image Include="..\..\..\bus\resources\icons\ConfigurationEditor\config system controller.ico">
      <Filter>Resource Files</Filter>
    </Image>
    <Image Include="..\..\..\bus\resources\icons\ConfigurationEditor\config tis ratis destination.ico">
      <Filter>Resource Files</Filter>
    </Image>
    <Image Include="..\..\..\bus\resources\icons\ConfigurationEditor\config tis ratis tag.ico">
      <Filter>Resource Files</Filter>
    </Image>
    <Image Include="..\..\..\bus\resources\icons\ConfigurationEditor\config tis.ico">
      <Filter>Resource Files</Filter>
    </Image>
    <Image Include="..\..\..\bus\resources\icons\ConfigurationEditor\config workstation.ico">
      <Filter>Resource Files</Filter>
    </Image>
    <Image Include="..\..\..\bus\resources\icons\ConfigurationEditor\ECSStationColor.ico">
      <Filter>Resource Files</Filter>
    </Image>
    <Image Include="..\..\..\bus\resources\icons\ControlStation\ass-camera1-20.ico">
      <Filter>Resource Files</Filter>
    </Image>
    <Image Include="..\..\..\bus\resources\icons\ControlStation\ass-camera2-20.ico">
      <Filter>Resource Files</Filter>
    </Image>
    <Image Include="..\..\..\bus\resources\icons\ControlStation\ass-controler-20.ico">
      <Filter>Resource Files</Filter>
    </Image>
    <Image Include="..\..\..\bus\resources\icons\ControlStation\ass-incidents-20.ico">
      <Filter>Resource Files</Filter>
    </Image>
    <Image Include="..\..\..\bus\resources\icons\ControlStation\ass-maps-20.ico">
      <Filter>Resource Files</Filter>
    </Image>
    <Image Include="..\..\..\bus\resources\icons\ControlStation\ass-plans-20.ico">
      <Filter>Resource Files</Filter>
    </Image>
    <Image Include="..\..\..\bus\resources\icons\ControlStation\ass-trends-20.ico">
      <Filter>Resource Files</Filter>
    </Image>
    <Image Include="..\..\..\bus\resources\icons\ControlStation\centremonitor.ico">
      <Filter>Resource Files</Filter>
    </Image>
    <Image Include="..\..\..\bus\resources\icons\ControlStation\DefaultHot.ico">
      <Filter>Resource Files</Filter>
    </Image>
    <Image Include="..\..\..\bus\resources\icons\ControlStation\EditShortcut.ico">
      <Filter>Resource Files</Filter>
    </Image>
    <Image Include="..\..\..\bus\resources\icons\ControlStation\help.ico">
      <Filter>Resource Files</Filter>
    </Image>
    <Image Include="..\..\..\bus\resources\icons\ControlStation\help-20.ico">
      <Filter>Resource Files</Filter>
    </Image>
    <Image Include="..\..\..\bus\resources\icons\ControlStation\leftmonitor.ico">
      <Filter>Resource Files</Filter>
    </Image>
    <Image Include="..\..\..\bus\resources\icons\ControlStation\Logout.ico">
      <Filter>Resource Files</Filter>
    </Image>
    <Image Include="..\..\..\bus\resources\icons\ControlStation\logout-20.ico">
      <Filter>Resource Files</Filter>
    </Image>
    <Image Include="..\..\..\bus\resources\icons\ControlStation\NetworkConnnected.ico">
      <Filter>Resource Files</Filter>
    </Image>
    <Image Include="..\..\..\bus\resources\icons\ControlStation\NetworkDisconnected.ico">
      <Filter>Resource Files</Filter>
    </Image>
    <Image Include="..\..\..\bus\resources\icons\ControlStation\OperatorOverride.ico">
      <Filter>Resource Files</Filter>
    </Image>
    <Image Include="..\..\..\bus\resources\icons\ControlStation\OperatorPassword.ico">
      <Filter>Resource Files</Filter>
    </Image>
    <Image Include="..\..\..\bus\resources\icons\ControlStation\OperatorProfileChange.ico">
      <Filter>Resource Files</Filter>
    </Image>
    <Image Include="..\..\..\bus\resources\icons\ControlStation\OperatorShiftChange.ico">
      <Filter>Resource Files</Filter>
    </Image>
    <Image Include="..\..\..\bus\resources\icons\ControlStation\overide-20.ico">
      <Filter>Resource Files</Filter>
    </Image>
    <Image Include="..\..\..\bus\resources\icons\ControlStation\password-20.ico">
      <Filter>Resource Files</Filter>
    </Image>
    <Image Include="..\..\..\bus\resources\icons\ControlStation\print-map-20.ico">
      <Filter>Resource Files</Filter>
    </Image>
    <Image Include="..\..\..\bus\resources\icons\ControlStation\profile-20.ico">
      <Filter>Resource Files</Filter>
    </Image>
    <Image Include="..\..\..\bus\resources\icons\ControlStation\rightmonitor.ico">
      <Filter>Resource Files</Filter>
    </Image>
    <Image Include="..\..\..\bus\resources\icons\ControlStation\show-all-running-20.ico">
      <Filter>Resource Files</Filter>
    </Image>
    <Image Include="..\..\..\bus\resources\icons\ControlStation\silence-20.ico">
      <Filter>Resource Files</Filter>
    </Image>
    <Image Include="..\..\..\bus\resources\icons\ControlStation\ViewCamera.ico">
      <Filter>Resource Files</Filter>
    </Image>
    <Image Include="..\..\..\bus\resources\icons\ControlStation\ViewSchematic.ico">
      <Filter>Resource Files</Filter>
    </Image>
    <Image Include="..\..\..\bus\resources\icons\ControlStation\ViewShortcut.ico">
      <Filter>Resource Files</Filter>
    </Image>
    <Image Include="..\..\..\bus\resources\icons\Toolbar\add.ico">
      <Filter>Resource Files</Filter>
    </Image>
    <Image Include="..\..\..\bus\resources\icons\Toolbar\alarm_comment.ico">
      <Filter>Resource Files</Filter>
    </Image>
    <Image Include="..\..\..\bus\resources\icons\Toolbar\copy config.ico">
      <Filter>Resource Files</Filter>
    </Image>
    <Image Include="..\..\..\bus\resources\icons\Toolbar\delete config.ico">
      <Filter>Resource Files</Filter>
    </Image>
    <Image Include="..\..\..\bus\resources\icons\Toolbar\delete.ico">
      <Filter>Resource Files</Filter>
    </Image>
    <Image Include="..\..\..\bus\resources\icons\Toolbar\disable.ico">
      <Filter>Resource Files</Filter>
    </Image>
    <Image Include="..\..\..\bus\resources\icons\Toolbar\edit.ico">
      <Filter>Resource Files</Filter>
    </Image>
    <Image Include="..\..\..\bus\resources\icons\Toolbar\enable.ico">
      <Filter>Resource Files</Filter>
    </Image>
    <Image Include="..\..\..\bus\resources\icons\Toolbar\filter.ico">
      <Filter>Resource Files</Filter>
    </Image>
    <Image Include="..\..\..\bus\resources\icons\Toolbar\new config.ico">
      <Filter>Resource Files</Filter>
    </Image>
    <Image Include="..\..\..\bus\resources\icons\Toolbar\print.ico">
      <Filter>Resource Files</Filter>
    </Image>
    <Image Include="..\..\..\bus\resources\icons\Toolbar\reload config.ico">
      <Filter>Resource Files</Filter>
    </Image>
    <Image Include="..\..\..\bus\resources\icons\Toolbar\tdslog config.ico">
      <Filter>Resource Files</Filter>
    </Image>
    <Image Include="..\..\..\bus\resources\icons\Toolbar\view.ico">
      <Filter>Resource Files</Filter>
    </Image>
  </ItemGroup>
</Project>