<?xml version="1.0" encoding="utf-8"?>
<Project ToolsVersion="4.0" xmlns="http://schemas.microsoft.com/developer/msbuild/2003">
  <ItemGroup>
    <Filter Include="src">
      <UniqueIdentifier>{d039bc03-0fdc-4945-8889-4bc0ed6a13fa}</UniqueIdentifier>
      <Extensions>cpp;c;cxx;rc;def;r;odl;idl;hpj;bat</Extensions>
    </Filter>
    <Filter Include="src\PingDriver">
      <UniqueIdentifier>{0ba9e0d2-5afc-4e7c-8065-e9cc4b322b5d}</UniqueIdentifier>
    </Filter>
    <Filter Include="src\ThreadedDriver">
      <UniqueIdentifier>{f1026ece-0af1-4902-9aa1-dd9d2283ad83}</UniqueIdentifier>
    </Filter>
    <Filter Include="src\taComponentsDriver">
      <UniqueIdentifier>{d40aabcb-3620-4752-8804-141e0ca9076b}</UniqueIdentifier>
    </Filter>
  </ItemGroup>
  <ItemGroup>
    <ClCompile Include="src\DataPointDriverHelper.cpp">
      <Filter>src</Filter>
    </ClCompile>
    <ClCompile Include="src\IDataPointDriver.cpp">
      <Filter>src</Filter>
    </ClCompile>
    <ClCompile Include="src\main.cpp">
      <Filter>src</Filter>
    </ClCompile>
    <ClCompile Include="src\SystemStatusAgent.cpp">
      <Filter>src</Filter>
    </ClCompile>
    <ClCompile Include="src\SystemStatusAgentConfigException.cpp">
      <Filter>src</Filter>
    </ClCompile>
    <ClCompile Include="src\VersionGen.cpp">
      <Filter>src</Filter>
    </ClCompile>
    <ClCompile Include="src\pingDriver\ConsecutiveNetworkFailureAlarmPolicy.cpp">
      <Filter>src\PingDriver</Filter>
    </ClCompile>
    <ClCompile Include="src\pingDriver\PercentageNetworkFailureAlarmPolicy.cpp">
      <Filter>src\PingDriver</Filter>
    </ClCompile>
    <ClCompile Include="src\pingDriver\PingableDataPointDriver.cpp">
      <Filter>src\PingDriver</Filter>
    </ClCompile>
    <ClCompile Include="src\pingDriver\PingablePoint.cpp">
      <Filter>src\PingDriver</Filter>
    </ClCompile>
    <ClCompile Include="src\pingDriver\SocketFailedException.cpp">
      <Filter>src\PingDriver</Filter>
    </ClCompile>
    <ClCompile Include="src\threadedDriver\AbstractThreadedDriver.cpp">
      <Filter>src\ThreadedDriver</Filter>
    </ClCompile>
    <ClCompile Include="src\taComponentsDriver\AbstractPingDependentPoint.cpp">
      <Filter>src\taComponentsDriver</Filter>
    </ClCompile>
    <ClCompile Include="src\taComponentsDriver\ControlStationPoint.cpp">
      <Filter>src\taComponentsDriver</Filter>
    </ClCompile>
    <ClCompile Include="src\taComponentsDriver\DbServerPoint.cpp">
      <Filter>src\taComponentsDriver</Filter>
    </ClCompile>
    <ClCompile Include="src\taComponentsDriver\DpUpdateThread.cpp">
      <Filter>src\taComponentsDriver</Filter>
    </ClCompile>
    <ClCompile Include="src\taComponentsDriver\SystemControllerPoint.cpp">
      <Filter>src\taComponentsDriver</Filter>
    </ClCompile>
    <ClCompile Include="src\taComponentsDriver\TaComponentsDriver.cpp">
      <Filter>src\taComponentsDriver</Filter>
    </ClCompile>
  </ItemGroup>
  <ItemGroup>
    <ClInclude Include="src\DataPointDriverHelper.h">
      <Filter>src</Filter>
    </ClInclude>
    <ClInclude Include="src\IDataPointDriver.h">
      <Filter>src</Filter>
    </ClInclude>
    <ClInclude Include="src\IPointContainer.h">
      <Filter>src</Filter>
    </ClInclude>
    <ClInclude Include="src\reporting.h">
      <Filter>src</Filter>
    </ClInclude>
    <ClInclude Include="src\SystemStatusAgent.h">
      <Filter>src</Filter>
    </ClInclude>
    <ClInclude Include="src\SystemStatusAgentConfigException.h">
      <Filter>src</Filter>
    </ClInclude>
    <ClInclude Include="src\pingDriver\ConsecutiveNetworkFailureAlarmPolicy.h">
      <Filter>src\PingDriver</Filter>
    </ClInclude>
    <ClInclude Include="src\pingDriver\INetworkFailureAlarmPolicy.h">
      <Filter>src\PingDriver</Filter>
    </ClInclude>
    <ClInclude Include="src\pingDriver\PercentageNetworkFailureAlarmPolicy.h">
      <Filter>src\PingDriver</Filter>
    </ClInclude>
    <ClInclude Include="src\pingDriver\PingableDataPointDriver.h">
      <Filter>src\PingDriver</Filter>
    </ClInclude>
    <ClInclude Include="src\pingDriver\PingablePoint.h">
      <Filter>src\PingDriver</Filter>
    </ClInclude>
    <ClInclude Include="src\pingDriver\SocketFailedException.h">
      <Filter>src\PingDriver</Filter>
    </ClInclude>
    <ClInclude Include="src\threadedDriver\AbstractThreadedDriver.h">
      <Filter>src\ThreadedDriver</Filter>
    </ClInclude>
    <ClInclude Include="src\taComponentsDriver\AbstractPingDependentPoint.h">
      <Filter>src\taComponentsDriver</Filter>
    </ClInclude>
    <ClInclude Include="src\taComponentsDriver\ControlStationPoint.h">
      <Filter>src\taComponentsDriver</Filter>
    </ClInclude>
    <ClInclude Include="src\taComponentsDriver\DbServerPoint.h">
      <Filter>src\taComponentsDriver</Filter>
    </ClInclude>
    <ClInclude Include="src\taComponentsDriver\DpUpdateThread.h">
      <Filter>src\taComponentsDriver</Filter>
    </ClInclude>
    <ClInclude Include="src\taComponentsDriver\ISelfResolvingPointContainer.h">
      <Filter>src\taComponentsDriver</Filter>
    </ClInclude>
    <ClInclude Include="src\taComponentsDriver\SystemControllerPoint.h">
      <Filter>src\taComponentsDriver</Filter>
    </ClInclude>
    <ClInclude Include="src\taComponentsDriver\TaComponentsDriver.h">
      <Filter>src\taComponentsDriver</Filter>
    </ClInclude>
  </ItemGroup>
</Project>