<?xml version="1.0" encoding="utf-8"?>
<Project ToolsVersion="4.0" xmlns="http://schemas.microsoft.com/developer/msbuild/2003">
  <ItemGroup>
    <Filter Include="IDL">
      <UniqueIdentifier>{25975231-25c9-48e9-8eb3-5f932bf11504}</UniqueIdentifier>
      <Extensions>idl</Extensions>
    </Filter>
  </ItemGroup>
  <ItemGroup>
    <CustomBuild Include="src\IRightsAgentCorbaDef.idl">
      <Filter>IDL</Filter>
    </CustomBuild>
  </ItemGroup>
</Project>