<?xml version="1.0" encoding="utf-8"?>
<Project ToolsVersion="4.0" xmlns="http://schemas.microsoft.com/developer/msbuild/2003">
  <ItemGroup>
    <Filter Include="src">
      <UniqueIdentifier>{816f69f9-45de-4959-a548-70c31cdfee95}</UniqueIdentifier>
      <Extensions>cpp;c;cxx;rc;def;r;odl;idl;hpj;bat</Extensions>
    </Filter>
    <Filter Include="tests">
      <UniqueIdentifier>{08183e72-e675-438f-9a73-a2c926488578}</UniqueIdentifier>
    </Filter>
    <Filter Include="tests\autogenerated">
      <UniqueIdentifier>{dc286173-b4bc-44e9-b20e-d58395fa23a4}</UniqueIdentifier>
    </Filter>
    <Filter Include="tests\autogenerated\src">
      <UniqueIdentifier>{79a3af11-321f-400a-8bda-d7bbf41c6f37}</UniqueIdentifier>
    </Filter>
    <Filter Include="tests\autogenerated\StubHelpFile">
      <UniqueIdentifier>{471ee58f-beb9-431a-bd15-c7c0d3cf1e8d}</UniqueIdentifier>
    </Filter>
    <Filter Include="stubs">
      <UniqueIdentifier>{8d9c5b14-210a-4496-875a-cba31c7b7ae8}</UniqueIdentifier>
    </Filter>
  </ItemGroup>
  <ItemGroup>
    <ClCompile Include="src\CrcCalculator.cpp">
      <Filter>src</Filter>
    </ClCompile>
    <ClCompile Include="src\ModbusConnection.cpp">
      <Filter>src</Filter>
    </ClCompile>
    <ClCompile Include="src\ModbusException.cpp">
      <Filter>src</Filter>
    </ClCompile>
    <ClCompile Include="src\ModbusSerialConnection.cpp">
      <Filter>src</Filter>
    </ClCompile>
    <ClCompile Include="src\ModbusTcpConnection.cpp">
      <Filter>src</Filter>
    </ClCompile>
    <ClCompile Include="src\SerialPort.cpp">
      <Filter>src</Filter>
    </ClCompile>
    <ClCompile Include="src\SerialPortException.cpp">
      <Filter>src</Filter>
    </ClCompile>
    <ClCompile Include="src\SteModbusTcpConnection.cpp">
      <Filter>src</Filter>
    </ClCompile>
    <ClCompile Include="tests\autogenerated\src\TestSuite_CrcCalculator_cpp.cpp">
      <Filter>tests\autogenerated\src</Filter>
    </ClCompile>
    <ClCompile Include="tests\autogenerated\src\TestSuite_CrcCalculator_h.cpp">
      <Filter>tests\autogenerated\src</Filter>
    </ClCompile>
    <ClCompile Include="tests\autogenerated\src\TestSuite_DataBlock_h.cpp">
      <Filter>tests\autogenerated\src</Filter>
    </ClCompile>
    <ClCompile Include="tests\autogenerated\src\TestSuite_ModbusException_cpp.cpp">
      <Filter>tests\autogenerated\src</Filter>
    </ClCompile>
    <ClCompile Include="tests\autogenerated\src\TestSuite_ModbusException_h.cpp">
      <Filter>tests\autogenerated\src</Filter>
    </ClCompile>
    <ClCompile Include="tests\autogenerated\src\TestSuite_ModbusTcpConnection_cpp.cpp">
      <Filter>tests\autogenerated\src</Filter>
    </ClCompile>
    <ClCompile Include="tests\autogenerated\src\TestSuite_ModbusTcpConnection_h.cpp">
      <Filter>tests\autogenerated\src</Filter>
    </ClCompile>
    <ClCompile Include="tests\autogenerated\src\TestSuite_SteModbusTcpConnection_cpp.cpp">
      <Filter>tests\autogenerated\src</Filter>
    </ClCompile>
    <ClCompile Include="stubs\stub_modbus.cpp">
      <Filter>stubs</Filter>
    </ClCompile>
  </ItemGroup>
  <ItemGroup>
    <ClInclude Include="src\CrcCalculator.h">
      <Filter>src</Filter>
    </ClInclude>
    <ClInclude Include="src\DataBlock.h">
      <Filter>src</Filter>
    </ClInclude>
    <ClInclude Include="src\IModbus.h">
      <Filter>src</Filter>
    </ClInclude>
    <ClInclude Include="src\ModbusConnection.h">
      <Filter>src</Filter>
    </ClInclude>
    <ClInclude Include="src\ModbusException.h">
      <Filter>src</Filter>
    </ClInclude>
    <ClInclude Include="src\ModbusSerialConnection.h">
      <Filter>src</Filter>
    </ClInclude>
    <ClInclude Include="src\ModbusTcpConnection.h">
      <Filter>src</Filter>
    </ClInclude>
    <ClInclude Include="src\SerialPort.h">
      <Filter>src</Filter>
    </ClInclude>
    <ClInclude Include="src\SerialPortException.h">
      <Filter>src</Filter>
    </ClInclude>
    <ClInclude Include="src\SteModbusTcpConnection.h">
      <Filter>src</Filter>
    </ClInclude>
  </ItemGroup>
  <ItemGroup>
    <None Include="ClassDiagram1.cd" />
  </ItemGroup>
  <ItemGroup>
    <CustomBuild Include="tests\autogenerated\StubHelpFile\StubHelpFile.h">
      <Filter>tests\autogenerated\StubHelpFile</Filter>
    </CustomBuild>
  </ItemGroup>
</Project>