<?xml version="1.0" encoding="utf-8"?>
<Project ToolsVersion="4.0" xmlns="http://schemas.microsoft.com/developer/msbuild/2003">
  <ItemGroup>
    <Filter Include="src">
      <UniqueIdentifier>{dde537ca-d6fc-4d89-a8ae-29ea72298a73}</UniqueIdentifier>
      <Extensions>cpp;c;cxx;rc;def;r;odl;idl;hpj;bat</Extensions>
    </Filter>
    <Filter Include="Resource Files">
      <UniqueIdentifier>{5634faab-c4d7-46b4-bbb6-6cbec86d04c1}</UniqueIdentifier>
      <Extensions>ico;cur;bmp;dlg;rc2;rct;bin;rgs;gif;jpg;jpeg;jpe</Extensions>
    </Filter>
    <Filter Include="GUI Files">
      <UniqueIdentifier>{9de95196-2e89-4812-a29b-eceb285cd6f3}</UniqueIdentifier>
    </Filter>
    <Filter Include="COM Files">
      <UniqueIdentifier>{780102b8-89dd-4e61-858d-cf309410f30d}</UniqueIdentifier>
    </Filter>
    <Filter Include="GraphWorX Files">
      <UniqueIdentifier>{1871d42b-dd76-4d6d-b0e9-055a2d63343a}</UniqueIdentifier>
    </Filter>
    <Filter Include="Server Monitoring Files">
      <UniqueIdentifier>{0fd4c49d-6c6e-4f2d-9fc3-662d1f37c11f}</UniqueIdentifier>
    </Filter>
    <Filter Include="Process Monitoring Files">
      <UniqueIdentifier>{dea52578-97da-4f65-9b32-887feafeb2ca}</UniqueIdentifier>
    </Filter>
    <Filter Include="tests">
      <UniqueIdentifier>{793e5af7-365a-4132-864a-e5f02b7b723c}</UniqueIdentifier>
    </Filter>
    <Filter Include="tests\autogenerated">
      <UniqueIdentifier>{a2439254-eb7b-4964-8b34-137ebcb7ef11}</UniqueIdentifier>
    </Filter>
    <Filter Include="tests\autogenerated\COM Files">
      <UniqueIdentifier>{b02d8fdf-50cc-4763-97f3-cd6b5003c52f}</UniqueIdentifier>
    </Filter>
    <Filter Include="tests\autogenerated\GraphWorX Files">
      <UniqueIdentifier>{0c216bd4-bbbd-4746-868e-d08673853a11}</UniqueIdentifier>
    </Filter>
    <Filter Include="tests\autogenerated\GUI Files">
      <UniqueIdentifier>{58d71662-7360-40be-93e9-457b3efa5c6d}</UniqueIdentifier>
    </Filter>
    <Filter Include="tests\autogenerated\Process Monitoring Files">
      <UniqueIdentifier>{e48ad819-5dc9-42c4-8761-e0cadf51bcb4}</UniqueIdentifier>
    </Filter>
    <Filter Include="tests\autogenerated\Server Monitoring Files">
      <UniqueIdentifier>{7e681150-e881-4495-b1f8-afa5edc52c14}</UniqueIdentifier>
    </Filter>
    <Filter Include="tests\autogenerated\src">
      <UniqueIdentifier>{4f38d4c2-a6cc-42c4-a480-36c68c87fd99}</UniqueIdentifier>
    </Filter>
    <Filter Include="stubs">
      <UniqueIdentifier>{6eac3707-1ee6-401e-ae89-0546def66329}</UniqueIdentifier>
    </Filter>
    <Filter Include="stubs\bus">
      <UniqueIdentifier>{e0453bfb-6e6d-4633-b5b9-e2d19b2b9625}</UniqueIdentifier>
    </Filter>
    <Filter Include="stubs\bus\sound">
      <UniqueIdentifier>{d1e250bb-fa16-4bcb-bcd1-06b6873ce9b1}</UniqueIdentifier>
    </Filter>
    <Filter Include="stubs\bus\sound\sound_client">
      <UniqueIdentifier>{94d0fd6b-6eb4-45e0-9ee3-b8270dac4597}</UniqueIdentifier>
    </Filter>
    <Filter Include="stubs\bus\sound\sound_client\src">
      <UniqueIdentifier>{0a7f58ed-c317-4c83-98bc-c497e93a993e}</UniqueIdentifier>
    </Filter>
    <Filter Include="stubs\app">
      <UniqueIdentifier>{0e2da3b5-3eb6-4f0a-85bd-f2c329af2def}</UniqueIdentifier>
    </Filter>
    <Filter Include="stubs\app\system_control">
      <UniqueIdentifier>{fd027c76-613c-4e57-aa98-53278880e6ed}</UniqueIdentifier>
    </Filter>
    <Filter Include="stubs\app\system_control\controlstation">
      <UniqueIdentifier>{9063050c-7c00-4395-835a-78cc772a27b1}</UniqueIdentifier>
    </Filter>
    <Filter Include="stubs\app\system_control\controlstation\src">
      <UniqueIdentifier>{627b9c9a-954a-478a-b92a-af79ff008ae5}</UniqueIdentifier>
    </Filter>
    <Filter Include="stubs\autogenerated">
      <UniqueIdentifier>{2777dd2c-d823-4e65-83c3-4b02a306b7d1}</UniqueIdentifier>
    </Filter>
  </ItemGroup>
  <ItemGroup>
    <ClCompile Include="src\ControlStation.cpp">
      <Filter>src</Filter>
    </ClCompile>
    <ClCompile Include="src\ControlStationCorbaImpl.cpp">
      <Filter>src</Filter>
    </ClCompile>
    <ClCompile Include="src\DutyChangeNoteDlg.cpp">
      <Filter>src</Filter>
    </ClCompile>
    <ClCompile Include="src\DutyManager.cpp">
      <Filter>src</Filter>
    </ClCompile>
    <ClCompile Include="src\LogsThread.cpp">
      <Filter>src</Filter>
    </ClCompile>
    <ClCompile Include="src\OverRideExclusiveDuty.cpp">
      <Filter>src</Filter>
    </ClCompile>
    <ClCompile Include="src\ScreenPositioning.cpp">
      <Filter>src</Filter>
    </ClCompile>
    <ClCompile Include="src\SessionDetails.cpp">
      <Filter>src</Filter>
    </ClCompile>
    <ClCompile Include="src\SessionManager.cpp">
      <Filter>src</Filter>
    </ClCompile>
    <ClCompile Include="src\sinstall.cpp">
      <Filter>src</Filter>
    </ClCompile>
    <ClCompile Include="src\StdAfx.cpp">
      <Filter>src</Filter>
    </ClCompile>
    <ClCompile Include="src\VersionGen.cpp">
      <Filter>src</Filter>
    </ClCompile>
    <ClCompile Include="src\WinkeysMgr.cpp">
      <Filter>src</Filter>
    </ClCompile>
    <ClCompile Include="src\BtnST.cpp">
      <Filter>GUI Files</Filter>
    </ClCompile>
    <ClCompile Include="src\ButtonListCtrl.cpp">
      <Filter>GUI Files</Filter>
    </ClCompile>
    <ClCompile Include="src\ControlStationBar.cpp">
      <Filter>GUI Files</Filter>
    </ClCompile>
    <ClCompile Include="src\ControlStationRootDialog.cpp">
      <Filter>GUI Files</Filter>
    </ClCompile>
    <ClCompile Include="src\DutyNotificationDialog.cpp">
      <Filter>GUI Files</Filter>
    </ClCompile>
    <ClCompile Include="src\DutyRequestDialog.cpp">
      <Filter>GUI Files</Filter>
    </ClCompile>
    <ClCompile Include="src\EditShortcutDialog.cpp">
      <Filter>GUI Files</Filter>
    </ClCompile>
    <ClCompile Include="src\ExclusiveDutyDialog.cpp">
      <Filter>GUI Files</Filter>
    </ClCompile>
    <ClCompile Include="src\LogoutDlg.cpp">
      <Filter>GUI Files</Filter>
    </ClCompile>
    <ClCompile Include="src\PasswordDlg.cpp">
      <Filter>GUI Files</Filter>
    </ClCompile>
    <ClCompile Include="src\ProfileLoginDlg.cpp">
      <Filter>GUI Files</Filter>
    </ClCompile>
    <ClCompile Include="src\QuickToolComboEx.cpp">
      <Filter>GUI Files</Filter>
    </ClCompile>
    <ClCompile Include="src\TaskManagerDlg.cpp">
      <Filter>GUI Files</Filter>
    </ClCompile>
    <ClCompile Include="src\ControlStation2.cpp">
      <Filter>COM Files</Filter>
    </ClCompile>
    <ClCompile Include="src\SchematicDisplay.cpp">
      <Filter>COM Files</Filter>
    </ClCompile>
    <ClCompile Include="src\GraphWorxApplication.cpp">
      <Filter>GraphWorX Files</Filter>
    </ClCompile>
    <ClCompile Include="src\GraphWorxCommunicator.cpp">
      <Filter>GraphWorX Files</Filter>
    </ClCompile>
    <ClCompile Include="src\GraphWorxManager.cpp">
      <Filter>GraphWorX Files</Filter>
    </ClCompile>
    <ClCompile Include="src\gwx32.cpp">
      <Filter>GraphWorX Files</Filter>
    </ClCompile>
    <ClCompile Include="src\ConsecutiveNetworkFailureAlarmPolicy.cpp">
      <Filter>Server Monitoring Files</Filter>
    </ClCompile>
    <ClCompile Include="src\PingableItem.cpp">
      <Filter>Server Monitoring Files</Filter>
    </ClCompile>
    <ClCompile Include="src\ServerMonitor.cpp">
      <Filter>Server Monitoring Files</Filter>
    </ClCompile>
    <ClCompile Include="src\Application.cpp">
      <Filter>Process Monitoring Files</Filter>
    </ClCompile>
    <ClCompile Include="src\ApplicationMover.cpp">
      <Filter>Process Monitoring Files</Filter>
    </ClCompile>
    <ClCompile Include="src\EnumProcess.cpp">
      <Filter>Process Monitoring Files</Filter>
    </ClCompile>
    <ClCompile Include="src\ProcessManager.cpp">
      <Filter>Process Monitoring Files</Filter>
    </ClCompile>
    <ClCompile Include="src\ProcessWatcher.cpp">
      <Filter>Process Monitoring Files</Filter>
    </ClCompile>
    <ClCompile Include="src\RunningApplication.cpp">
      <Filter>Process Monitoring Files</Filter>
    </ClCompile>
    <ClCompile Include="tests\autogenerated\COM Files\TestSuite_ControlStation2_cpp.cpp">
      <Filter>tests\autogenerated\COM Files</Filter>
    </ClCompile>
    <ClCompile Include="tests\autogenerated\COM Files\TestSuite_ControlStation2_h.cpp">
      <Filter>tests\autogenerated\COM Files</Filter>
    </ClCompile>
    <ClCompile Include="tests\autogenerated\COM Files\TestSuite_SchematicDisplay_cpp.cpp">
      <Filter>tests\autogenerated\COM Files</Filter>
    </ClCompile>
    <ClCompile Include="tests\autogenerated\COM Files\TestSuite_SchematicDisplay_h.cpp">
      <Filter>tests\autogenerated\COM Files</Filter>
    </ClCompile>
    <ClCompile Include="tests\autogenerated\GraphWorX Files\TestSuite_GraphWorxApplication_cpp.cpp">
      <Filter>tests\autogenerated\GraphWorX Files</Filter>
    </ClCompile>
    <ClCompile Include="tests\autogenerated\GraphWorX Files\TestSuite_GraphWorxManager_cpp.cpp">
      <Filter>tests\autogenerated\GraphWorX Files</Filter>
    </ClCompile>
    <ClCompile Include="tests\autogenerated\GUI Files\TestSuite_ButtonListCtrl_cpp.cpp">
      <Filter>tests\autogenerated\GUI Files</Filter>
    </ClCompile>
    <ClCompile Include="tests\autogenerated\GUI Files\TestSuite_ControlStationBar_cpp.cpp">
      <Filter>tests\autogenerated\GUI Files</Filter>
    </ClCompile>
    <ClCompile Include="tests\autogenerated\GUI Files\TestSuite_ControlStationRootDialog_cpp.cpp">
      <Filter>tests\autogenerated\GUI Files</Filter>
    </ClCompile>
    <ClCompile Include="tests\autogenerated\GUI Files\TestSuite_ControlStationRootDialog_h.cpp">
      <Filter>tests\autogenerated\GUI Files</Filter>
    </ClCompile>
    <ClCompile Include="tests\autogenerated\GUI Files\TestSuite_DutyNotificationDialog_cpp.cpp">
      <Filter>tests\autogenerated\GUI Files</Filter>
    </ClCompile>
    <ClCompile Include="tests\autogenerated\GUI Files\TestSuite_DutyRequestDialog_cpp.cpp">
      <Filter>tests\autogenerated\GUI Files</Filter>
    </ClCompile>
    <ClCompile Include="tests\autogenerated\GUI Files\TestSuite_EditShortcutDialog_cpp.cpp">
      <Filter>tests\autogenerated\GUI Files</Filter>
    </ClCompile>
    <ClCompile Include="tests\autogenerated\GUI Files\TestSuite_EditShortcutDialog_h.cpp">
      <Filter>tests\autogenerated\GUI Files</Filter>
    </ClCompile>
    <ClCompile Include="tests\autogenerated\GUI Files\TestSuite_ExclusiveDutyDialog_cpp.cpp">
      <Filter>tests\autogenerated\GUI Files</Filter>
    </ClCompile>
    <ClCompile Include="tests\autogenerated\GUI Files\TestSuite_LogoutDlg_cpp.cpp">
      <Filter>tests\autogenerated\GUI Files</Filter>
    </ClCompile>
    <ClCompile Include="tests\autogenerated\GUI Files\TestSuite_LogoutDlg_h.cpp">
      <Filter>tests\autogenerated\GUI Files</Filter>
    </ClCompile>
    <ClCompile Include="tests\autogenerated\GUI Files\TestSuite_PasswordDlg_cpp.cpp">
      <Filter>tests\autogenerated\GUI Files</Filter>
    </ClCompile>
    <ClCompile Include="tests\autogenerated\GUI Files\TestSuite_PasswordDlg_h.cpp">
      <Filter>tests\autogenerated\GUI Files</Filter>
    </ClCompile>
    <ClCompile Include="tests\autogenerated\GUI Files\TestSuite_ProfileLoginDlg_cpp.cpp">
      <Filter>tests\autogenerated\GUI Files</Filter>
    </ClCompile>
    <ClCompile Include="tests\autogenerated\GUI Files\TestSuite_ProfileLoginDlg_h.cpp">
      <Filter>tests\autogenerated\GUI Files</Filter>
    </ClCompile>
    <ClCompile Include="tests\autogenerated\GUI Files\TestSuite_QuickToolComboEx_cpp.cpp">
      <Filter>tests\autogenerated\GUI Files</Filter>
    </ClCompile>
    <ClCompile Include="tests\autogenerated\GUI Files\TestSuite_TaskManagerDlg_cpp.cpp">
      <Filter>tests\autogenerated\GUI Files</Filter>
    </ClCompile>
    <ClCompile Include="tests\autogenerated\GUI Files\TestSuite_TaskManagerDlg_h.cpp">
      <Filter>tests\autogenerated\GUI Files</Filter>
    </ClCompile>
    <ClCompile Include="tests\autogenerated\Process Monitoring Files\TestSuite_Application_cpp.cpp">
      <Filter>tests\autogenerated\Process Monitoring Files</Filter>
    </ClCompile>
    <ClCompile Include="tests\autogenerated\Process Monitoring Files\TestSuite_Application_h.cpp">
      <Filter>tests\autogenerated\Process Monitoring Files</Filter>
    </ClCompile>
    <ClCompile Include="tests\autogenerated\Process Monitoring Files\TestSuite_ApplicationMover_cpp.cpp">
      <Filter>tests\autogenerated\Process Monitoring Files</Filter>
    </ClCompile>
    <ClCompile Include="tests\autogenerated\Process Monitoring Files\TestSuite_ApplicationMover_h.cpp">
      <Filter>tests\autogenerated\Process Monitoring Files</Filter>
    </ClCompile>
    <ClCompile Include="tests\autogenerated\Process Monitoring Files\TestSuite_ProcessManager_cpp.cpp">
      <Filter>tests\autogenerated\Process Monitoring Files</Filter>
    </ClCompile>
    <ClCompile Include="tests\autogenerated\Process Monitoring Files\TestSuite_ProcessManager_h.cpp">
      <Filter>tests\autogenerated\Process Monitoring Files</Filter>
    </ClCompile>
    <ClCompile Include="tests\autogenerated\Process Monitoring Files\TestSuite_ProcessWatcher_cpp.cpp">
      <Filter>tests\autogenerated\Process Monitoring Files</Filter>
    </ClCompile>
    <ClCompile Include="tests\autogenerated\Process Monitoring Files\TestSuite_RunningApplication_cpp.cpp">
      <Filter>tests\autogenerated\Process Monitoring Files</Filter>
    </ClCompile>
    <ClCompile Include="tests\autogenerated\Server Monitoring Files\TestSuite_ConsecutiveNetworkFailureAlarmPolicy_cpp.cpp">
      <Filter>tests\autogenerated\Server Monitoring Files</Filter>
    </ClCompile>
    <ClCompile Include="tests\autogenerated\Server Monitoring Files\TestSuite_PingableItem_cpp.cpp">
      <Filter>tests\autogenerated\Server Monitoring Files</Filter>
    </ClCompile>
    <ClCompile Include="tests\autogenerated\Server Monitoring Files\TestSuite_ServerMonitor_cpp.cpp">
      <Filter>tests\autogenerated\Server Monitoring Files</Filter>
    </ClCompile>
    <ClCompile Include="tests\autogenerated\Server Monitoring Files\TestSuite_ServerMonitor_h.cpp">
      <Filter>tests\autogenerated\Server Monitoring Files</Filter>
    </ClCompile>
    <ClCompile Include="tests\autogenerated\src\TestSuite_ControlStation_cpp.cpp">
      <Filter>tests\autogenerated\src</Filter>
    </ClCompile>
    <ClCompile Include="tests\autogenerated\src\TestSuite_ControlStationCorbaImpl_cpp.cpp">
      <Filter>tests\autogenerated\src</Filter>
    </ClCompile>
    <ClCompile Include="tests\autogenerated\src\TestSuite_ControlStationCorbaImpl_h.cpp">
      <Filter>tests\autogenerated\src</Filter>
    </ClCompile>
    <ClCompile Include="tests\autogenerated\src\TestSuite_DutyChangeNoteDlg_cpp.cpp">
      <Filter>tests\autogenerated\src</Filter>
    </ClCompile>
    <ClCompile Include="tests\autogenerated\src\TestSuite_DutyManager_cpp.cpp">
      <Filter>tests\autogenerated\src</Filter>
    </ClCompile>
    <ClCompile Include="tests\autogenerated\src\TestSuite_LogsThread_cpp.cpp">
      <Filter>tests\autogenerated\src</Filter>
    </ClCompile>
    <ClCompile Include="tests\autogenerated\src\TestSuite_OverRideExclusiveDuty_cpp.cpp">
      <Filter>tests\autogenerated\src</Filter>
    </ClCompile>
    <ClCompile Include="tests\autogenerated\src\TestSuite_ScreenPositioning_cpp.cpp">
      <Filter>tests\autogenerated\src</Filter>
    </ClCompile>
    <ClCompile Include="tests\autogenerated\src\TestSuite_ScreenPositioning_h.cpp">
      <Filter>tests\autogenerated\src</Filter>
    </ClCompile>
    <ClCompile Include="tests\autogenerated\src\TestSuite_SessionDetails_cpp.cpp">
      <Filter>tests\autogenerated\src</Filter>
    </ClCompile>
    <ClCompile Include="tests\autogenerated\src\TestSuite_SessionDetails_h.cpp">
      <Filter>tests\autogenerated\src</Filter>
    </ClCompile>
    <ClCompile Include="tests\autogenerated\src\TestSuite_SessionManager_cpp.cpp">
      <Filter>tests\autogenerated\src</Filter>
    </ClCompile>
    <ClCompile Include="tests\autogenerated\src\TestSuite_SessionManager_h.cpp">
      <Filter>tests\autogenerated\src</Filter>
    </ClCompile>
    <ClCompile Include="tests\autogenerated\src\TestSuite_sinstall_cpp.cpp">
      <Filter>tests\autogenerated\src</Filter>
    </ClCompile>
    <ClCompile Include="tests\autogenerated\src\TestSuite_sinstall_h.cpp">
      <Filter>tests\autogenerated\src</Filter>
    </ClCompile>
    <ClCompile Include="tests\autogenerated\src\TestSuite_WinkeysMgr_cpp.cpp">
      <Filter>tests\autogenerated\src</Filter>
    </ClCompile>
    <ClCompile Include="stubs\Stub_Application.cpp">
      <Filter>stubs</Filter>
    </ClCompile>
    <ClCompile Include="stubs\Stub_CWin.cpp">
      <Filter>stubs</Filter>
    </ClCompile>
    <ClCompile Include="stubs\Stub_ProfileLoginDlg.cpp">
      <Filter>stubs</Filter>
    </ClCompile>
    <ClCompile Include="stubs\Stub_RightsLibrary.cpp">
      <Filter>stubs</Filter>
    </ClCompile>
    <ClCompile Include="stubs\Stub_RootDlg.cpp">
      <Filter>stubs</Filter>
    </ClCompile>
    <ClCompile Include="stubs\Stub_ScreenPosition.cpp">
      <Filter>stubs</Filter>
    </ClCompile>
    <ClCompile Include="stubs\Stub_SessionDetails.cpp">
      <Filter>stubs</Filter>
    </ClCompile>
    <ClCompile Include="stubs\Stub_SessionManager.cpp">
      <Filter>stubs</Filter>
    </ClCompile>
    <ClCompile Include="stubs\Stub_TA_BASE_APP.cpp">
      <Filter>stubs</Filter>
    </ClCompile>
    <ClCompile Include="stubs\Stub_TA_BASE_BUS.cpp">
      <Filter>stubs</Filter>
    </ClCompile>
    <ClCompile Include="stubs\Stub_TA_BASE_CORE.cpp">
      <Filter>stubs</Filter>
    </ClCompile>
    <ClCompile Include="stubs\Stub_Windows.cpp">
      <Filter>stubs</Filter>
    </ClCompile>
    <ClCompile Include="stubs\bus\sound\sound_client\src\SoundManagerProxy.cpp">
      <Filter>stubs\bus\sound\sound_client\src</Filter>
    </ClCompile>
    <ClCompile Include="stubs\autogenerated\auto_6846cd94.cpp">
      <Filter>stubs\autogenerated</Filter>
    </ClCompile>
  </ItemGroup>
  <ItemGroup>
    <ClInclude Include="src\ControlStation.h">
      <Filter>src</Filter>
    </ClInclude>
    <ClInclude Include="src\ControlStationConstants.h">
      <Filter>src</Filter>
    </ClInclude>
    <ClInclude Include="src\ControlStationCorbaImpl.h">
      <Filter>src</Filter>
    </ClInclude>
    <ClInclude Include="src\DutyChangeNoteDlg.h">
      <Filter>src</Filter>
    </ClInclude>
    <ClInclude Include="src\DutyManager.h">
      <Filter>src</Filter>
    </ClInclude>
    <ClInclude Include="src\LogsThread.h">
      <Filter>src</Filter>
    </ClInclude>
    <ClInclude Include="src\Resource.h">
      <Filter>src</Filter>
    </ClInclude>
    <ClInclude Include="src\ScreenPositioning.h">
      <Filter>src</Filter>
    </ClInclude>
    <ClInclude Include="src\SessionDetails.h">
      <Filter>src</Filter>
    </ClInclude>
    <ClInclude Include="src\SessionManager.h">
      <Filter>src</Filter>
    </ClInclude>
    <ClInclude Include="src\sinstall.h">
      <Filter>src</Filter>
    </ClInclude>
    <ClInclude Include="src\StdAfx.h">
      <Filter>src</Filter>
    </ClInclude>
    <ClInclude Include="src\WinkeysMgr.h">
      <Filter>src</Filter>
    </ClInclude>
    <ClInclude Include="src\BtnST.h">
      <Filter>GUI Files</Filter>
    </ClInclude>
    <ClInclude Include="src\ButtonListCtrl.h">
      <Filter>GUI Files</Filter>
    </ClInclude>
    <ClInclude Include="src\ControlStationBar.h">
      <Filter>GUI Files</Filter>
    </ClInclude>
    <ClInclude Include="src\ControlStationRootDialog.h">
      <Filter>GUI Files</Filter>
    </ClInclude>
    <ClInclude Include="src\DutyNotificationDialog.h">
      <Filter>GUI Files</Filter>
    </ClInclude>
    <ClInclude Include="src\DutyRequestDialog.h">
      <Filter>GUI Files</Filter>
    </ClInclude>
    <ClInclude Include="src\EditShortcutDialog.h">
      <Filter>GUI Files</Filter>
    </ClInclude>
    <ClInclude Include="src\ExclusiveDutyDialog.h">
      <Filter>GUI Files</Filter>
    </ClInclude>
    <ClInclude Include="src\LogoutDlg.h">
      <Filter>GUI Files</Filter>
    </ClInclude>
    <ClInclude Include="src\PasswordDlg.h">
      <Filter>GUI Files</Filter>
    </ClInclude>
    <ClInclude Include="src\ProfileLoginDlg.h">
      <Filter>GUI Files</Filter>
    </ClInclude>
    <ClInclude Include="src\QuickToolComboEx.h">
      <Filter>GUI Files</Filter>
    </ClInclude>
    <ClInclude Include="src\TaskManagerDlg.h">
      <Filter>GUI Files</Filter>
    </ClInclude>
    <ClInclude Include="src\ControlStation2.h">
      <Filter>COM Files</Filter>
    </ClInclude>
    <ClInclude Include="src\ControlStationCP.h">
      <Filter>COM Files</Filter>
    </ClInclude>
    <ClInclude Include="src\RippleControlStationCP.h">
      <Filter>COM Files</Filter>
    </ClInclude>
    <ClInclude Include="src\SchematicDisplay.h">
      <Filter>COM Files</Filter>
    </ClInclude>
    <ClInclude Include="src\GraphWorxApplication.h">
      <Filter>GraphWorX Files</Filter>
    </ClInclude>
    <ClInclude Include="src\GraphWorxCommunicator.h">
      <Filter>GraphWorX Files</Filter>
    </ClInclude>
    <ClInclude Include="src\GraphWorxManager.h">
      <Filter>GraphWorX Files</Filter>
    </ClInclude>
    <ClInclude Include="src\gwx32.h">
      <Filter>GraphWorX Files</Filter>
    </ClInclude>
    <ClInclude Include="src\IGraphWorxManager.h">
      <Filter>GraphWorX Files</Filter>
    </ClInclude>
    <ClInclude Include="src\ConsecutiveNetworkFailureAlarmPolicy.h">
      <Filter>Server Monitoring Files</Filter>
    </ClInclude>
    <ClInclude Include="src\INetworkFailureAlarmPolicy.h">
      <Filter>Server Monitoring Files</Filter>
    </ClInclude>
    <ClInclude Include="src\PingableItem.h">
      <Filter>Server Monitoring Files</Filter>
    </ClInclude>
    <ClInclude Include="src\ServerMonitor.h">
      <Filter>Server Monitoring Files</Filter>
    </ClInclude>
    <ClInclude Include="src\Application.h">
      <Filter>Process Monitoring Files</Filter>
    </ClInclude>
    <ClInclude Include="src\ApplicationMover.h">
      <Filter>Process Monitoring Files</Filter>
    </ClInclude>
    <ClInclude Include="src\EnumProcess.h">
      <Filter>Process Monitoring Files</Filter>
    </ClInclude>
    <ClInclude Include="src\IProcessManager.h">
      <Filter>Process Monitoring Files</Filter>
    </ClInclude>
    <ClInclude Include="src\ProcessManager.h">
      <Filter>Process Monitoring Files</Filter>
    </ClInclude>
    <ClInclude Include="src\ProcessWatcher.h">
      <Filter>Process Monitoring Files</Filter>
    </ClInclude>
    <ClInclude Include="src\RunningApplication.h">
      <Filter>Process Monitoring Files</Filter>
    </ClInclude>
    <ClInclude Include="src\OverRideExclusiveDuty.h" />
  </ItemGroup>
  <ItemGroup>
    <ResourceCompile Include="src\ControlStation.rc">
      <Filter>src</Filter>
    </ResourceCompile>
  </ItemGroup>
  <ItemGroup>
    <Image Include="..\..\..\bus\resources\icons\ControlStation.ico">
      <Filter>Resource Files</Filter>
    </Image>
  </ItemGroup>
  <ItemGroup>
    <None Include="res\ControlStation.rc2">
      <Filter>Resource Files</Filter>
    </None>
    <None Include="src\ControlStation.reg">
      <Filter>Resource Files</Filter>
    </None>
    <None Include="src\ControlStation2.rgs">
      <Filter>Resource Files</Filter>
    </None>
    <None Include="src\RippleControlStation.rgs">
      <Filter>Resource Files</Filter>
    </None>
    <None Include="src\SchematicDisplay.rgs">
      <Filter>Resource Files</Filter>
    </None>
  </ItemGroup>
  <ItemGroup>
    <Midl Include="src\ControlStation.idl">
      <Filter>COM Files</Filter>
    </Midl>
    <Midl Include="src\RippleControlStation.idl">
      <Filter>COM Files</Filter>
    </Midl>
  </ItemGroup>
  <ItemGroup>
    <Text Include="ReadMe.txt" />
  </ItemGroup>
  <ItemGroup>
    <CustomBuild Include="tests\TestInitialization.h" />
  </ItemGroup>
</Project>