<?xml version="1.0" encoding="utf-8"?>
<Project ToolsVersion="4.0" xmlns="http://schemas.microsoft.com/developer/msbuild/2003">
  <ItemGroup>
    <Filter Include="src">
      <UniqueIdentifier>{11a907c5-39b6-49ab-abec-a5b59227b104}</UniqueIdentifier>
      <Extensions>cpp;c;cxx;rc;def;r;odl;idl;hpj;bat</Extensions>
    </Filter>
  </ItemGroup>
  <ItemGroup>
    <ClCompile Include="$(TA_BuildPath)\win32_n\transactive\bus\response_plans\plan_agent\IDL\src\IPlanAgentCorbaDef.cpp">
      <Filter>src</Filter>
    </ClCompile>
    <ClCompile Include="$(TA_BuildPath)\win32_n\transactive\bus\response_plans\plan_agent\IDL\src\IPlanAgentCorbaDef_skel.cpp">
      <Filter>src</Filter>
    </ClCompile>
  </ItemGroup>
  <ItemGroup>
    <ClInclude Include="$(TA_BuildPath)\win32_n\transactive\bus\response_plans\plan_agent\IDL\src\IPlanAgentCorbaDef.h" />
  </ItemGroup>
</Project>