<?xml version="1.0" encoding="utf-8"?>
<Project ToolsVersion="4.0" xmlns="http://schemas.microsoft.com/developer/msbuild/2003">
  <ItemGroup>
    <Filter Include="IDL">
      <UniqueIdentifier>{4df1b74f-2e19-46de-9ebf-99d14e4ba942}</UniqueIdentifier>
      <Extensions>idl</Extensions>
    </Filter>
  </ItemGroup>
  <ItemGroup>
    <CustomBuild Include="src\CommonExceptionsCorbaDef.idl">
      <Filter>IDL</Filter>
    </CustomBuild>
  </ItemGroup>
</Project>