<?xml version="1.0" encoding="utf-8"?>
<Project ToolsVersion="4.0" xmlns="http://schemas.microsoft.com/developer/msbuild/2003">
  <ItemGroup>
    <Filter Include="src">
      <UniqueIdentifier>{5c54ffa8-9a77-4114-978b-015e1f0d4ba0}</UniqueIdentifier>
      <Extensions>cpp;c;cxx;rc;def;r;odl;idl;hpj;bat</Extensions>
    </Filter>
  </ItemGroup>
  <ItemGroup>
    <ClCompile Include="$(TA_BuildPath)\win32_n\transactive\bus\pa_4677\pa_agent\IDL\src\IPAAgentCorbaDef.cpp">
      <Filter>src</Filter>
    </ClCompile>
    <ClCompile Include="$(TA_BuildPath)\win32_n\transactive\bus\pa_4677\pa_agent\IDL\src\IPAAgentCorbaDef_skel.cpp">
      <Filter>src</Filter>
    </ClCompile>
  </ItemGroup>
  <ItemGroup>
    <ClInclude Include="$(TA_BuildPath)\win32_n\transactive\bus\pa_4677\pa_agent\IDL\src\IPAAgentCorbaDef.h" />
  </ItemGroup>
</Project>