<?xml version="1.0" encoding="utf-8"?>
<Project ToolsVersion="4.0" xmlns="http://schemas.microsoft.com/developer/msbuild/2003">
  <ItemGroup>
    <Filter Include="IDL">
      <UniqueIdentifier>{55167ed9-ff17-443a-b84f-8959c0778cca}</UniqueIdentifier>
    </Filter>
  </ItemGroup>
  <ItemGroup>
    <CustomBuild Include="src\PlanAgentDataCorbaDef.idl">
      <Filter>IDL</Filter>
    </CustomBuild>
  </ItemGroup>
</Project>