<?xml version="1.0" encoding="utf-8"?>
<Project ToolsVersion="4.0" xmlns="http://schemas.microsoft.com/developer/msbuild/2003">
  <ItemGroup>
    <Filter Include="src">
      <UniqueIdentifier>{17a3a921-92c2-4cc7-a500-d4d92453c906}</UniqueIdentifier>
      <Extensions>cpp;c;cxx;rc;def;r;odl;idl;hpj;bat</Extensions>
    </Filter>
  </ItemGroup>
  <ItemGroup>
    <ClCompile Include="src\ConfigInterlockRule.cpp">
      <Filter>src</Filter>
    </ClCompile>
    <ClCompile Include="src\InterlockAlias.cpp">
      <Filter>src</Filter>
    </ClCompile>
    <ClCompile Include="src\InterlockRule.cpp">
      <Filter>src</Filter>
    </ClCompile>
    <ClCompile Include="src\InterlockRuleAccessFactory.cpp">
      <Filter>src</Filter>
    </ClCompile>
    <ClCompile Include="src\InterlockRuleHelper.cpp">
      <Filter>src</Filter>
    </ClCompile>
  </ItemGroup>
  <ItemGroup>
    <ClInclude Include="src\ConfigInterlockRule.h">
      <Filter>src</Filter>
    </ClInclude>
    <ClInclude Include="src\IAlias.h">
      <Filter>src</Filter>
    </ClInclude>
    <ClInclude Include="src\IConfigInterlockRule.h">
      <Filter>src</Filter>
    </ClInclude>
    <ClInclude Include="src\IInterlockAlias.h">
      <Filter>src</Filter>
    </ClInclude>
    <ClInclude Include="src\IInterlockRule.h">
      <Filter>src</Filter>
    </ClInclude>
    <ClInclude Include="src\InterlockAlias.h">
      <Filter>src</Filter>
    </ClInclude>
    <ClInclude Include="src\InterlockRule.h">
      <Filter>src</Filter>
    </ClInclude>
    <ClInclude Include="src\InterlockRuleAccessFactory.h">
      <Filter>src</Filter>
    </ClInclude>
    <ClInclude Include="src\InterlockRuleHelper.h">
      <Filter>src</Filter>
    </ClInclude>
  </ItemGroup>
</Project>